
Microsoft Visual Studio Solution File, Format Version 12.00
# Visual Studio Version 16
VisualStudioVersion = 16.0.31424.327
MinimumVisualStudioVersion = 10.0.40219.1
Project("{FAE04EC0-301F-11D3-BF4B-00C04F79EFBC}") = "ChessMaster", "ChessMaster\ChessMaster.csproj", "{9C2F4000-1216-42CB-92C7-58A336CA679F}"
EndProject
Global
	GlobalSection(SolutionConfigurationPlatforms) = preSolution
		Debug|Any CPU = Debug|Any CPU
		Release|Any CPU = Release|Any CPU
	EndGlobalSection
	GlobalSection(ProjectConfigurationPlatforms) = postSolution
		{9C2F4000-1216-42CB-92C7-58A336CA679F}.Debug|Any CPU.ActiveCfg = Debug|Any CPU
		{9C2F4000-1216-42CB-92C7-58A336CA679F}.Debug|Any CPU.Build.0 = Debug|Any CPU
		{9C2F4000-1216-42CB-92C7-58A336CA679F}.Release|Any CPU.ActiveCfg = Release|Any CPU
		{9C2F4000-1216-42CB-92C7-58A336CA679F}.Release|Any CPU.Build.0 = Release|Any CPU
	EndGlobalSection
	GlobalSection(SolutionProperties) = preSolution
		HideSolutionNode = FALSE
	EndGlobalSection
	GlobalSection(ExtensibilityGlobals) = postSolution
		SolutionGuid = {4387FDCC-AAA1-48A6-BBCD-AEABAB42CF8B}
	EndGlobalSection
EndGlobal
